
Microsoft Visual Studio Solution File, Format Version 12.00
# Visual Studio Version 16
VisualStudioVersion = 16.0.31005.135
MinimumVisualStudioVersion = 10.0.40219.1
Project("{9A19103F-16F7-4668-BE54-9A1E7A4F7556}") = "BookStore.Library", "BookStore\BookStore.Library.csproj", "{51603D0C-B2D5-4C31-B6C8-F387BDBA64A9}"
EndProject
Project("{9A19103F-16F7-4668-BE54-9A1E7A4F7556}") = "BookConsoleApp", "BookConsoleApp\BookConsoleApp.csproj", "{91B394C4-2B03-4B35-A41E-DF14AFCBEBEB}"
EndProject
Project("{9A19103F-16F7-4668-BE54-9A1E7A4F7556}") = "BookStore.Tests", "BookStore.Tests\BookStore.Tests.csproj", "{5B26B703-0991-49E7-8A9A-21193148F7F2}"
EndProject
Project("{FAE04EC0-301F-11D3-BF4B-00C04F79EFBC}") = "DataAccess", "DataAccess\DataAccess.csproj", "{9D5E7208-399D-4F0C-BD20-DBAF006C11F2}"
EndProject
Global
	GlobalSection(SolutionConfigurationPlatforms) = preSolution
		Debug|Any CPU = Debug|Any CPU
		Release|Any CPU = Release|Any CPU
	EndGlobalSection
	GlobalSection(ProjectConfigurationPlatforms) = postSolution
		{51603D0C-B2D5-4C31-B6C8-F387BDBA64A9}.Debug|Any CPU.ActiveCfg = Debug|Any CPU
		{51603D0C-B2D5-4C31-B6C8-F387BDBA64A9}.Debug|Any CPU.Build.0 = Debug|Any CPU
		{51603D0C-B2D5-4C31-B6C8-F387BDBA64A9}.Release|Any CPU.ActiveCfg = Release|Any CPU
		{51603D0C-B2D5-4C31-B6C8-F387BDBA64A9}.Release|Any CPU.Build.0 = Release|Any CPU
		{91B394C4-2B03-4B35-A41E-DF14AFCBEBEB}.Debug|Any CPU.ActiveCfg = Debug|Any CPU
		{91B394C4-2B03-4B35-A41E-DF14AFCBEBEB}.Debug|Any CPU.Build.0 = Debug|Any CPU
		{91B394C4-2B03-4B35-A41E-DF14AFCBEBEB}.Release|Any CPU.ActiveCfg = Release|Any CPU
		{91B394C4-2B03-4B35-A41E-DF14AFCBEBEB}.Release|Any CPU.Build.0 = Release|Any CPU
		{5B26B703-0991-49E7-8A9A-21193148F7F2}.Debug|Any CPU.ActiveCfg = Debug|Any CPU
		{5B26B703-0991-49E7-8A9A-21193148F7F2}.Debug|Any CPU.Build.0 = Debug|Any CPU
		{5B26B703-0991-49E7-8A9A-21193148F7F2}.Release|Any CPU.ActiveCfg = Release|Any CPU
		{5B26B703-0991-49E7-8A9A-21193148F7F2}.Release|Any CPU.Build.0 = Release|Any CPU
		{9D5E7208-399D-4F0C-BD20-DBAF006C11F2}.Debug|Any CPU.ActiveCfg = Debug|Any CPU
		{9D5E7208-399D-4F0C-BD20-DBAF006C11F2}.Debug|Any CPU.Build.0 = Debug|Any CPU
		{9D5E7208-399D-4F0C-BD20-DBAF006C11F2}.Release|Any CPU.ActiveCfg = Release|Any CPU
		{9D5E7208-399D-4F0C-BD20-DBAF006C11F2}.Release|Any CPU.Build.0 = Release|Any CPU
	EndGlobalSection
	GlobalSection(SolutionProperties) = preSolution
		HideSolutionNode = FALSE
	EndGlobalSection
	GlobalSection(ExtensibilityGlobals) = postSolution
		SolutionGuid = {57974B7B-AB0F-447B-974F-F2493057041F}
	EndGlobalSection
EndGlobal
